
Microsoft Visual Studio Solution File, Format Version 12.00
# Visual Studio Version 17
VisualStudioVersion = 17.3.32922.545
MinimumVisualStudioVersion = 10.0.40219.1
Project("{FAE04EC0-301F-11D3-BF4B-00C04F79EFBC}") = "webluuniem", "webluuniem\webluuniem.csproj", "{1667135F-C09B-410E-A6AB-FEF2FC6CCC63}"
EndProject
Global
	GlobalSection(SolutionConfigurationPlatforms) = preSolution
		Debug|Any CPU = Debug|Any CPU
		Release|Any CPU = Release|Any CPU
	EndGlobalSection
	GlobalSection(ProjectConfigurationPlatforms) = postSolution
		{1667135F-C09B-410E-A6AB-FEF2FC6CCC63}.Debug|Any CPU.ActiveCfg = Debug|Any CPU
		{1667135F-C09B-410E-A6AB-FEF2FC6CCC63}.Debug|Any CPU.Build.0 = Debug|Any CPU
		{1667135F-C09B-410E-A6AB-FEF2FC6CCC63}.Release|Any CPU.ActiveCfg = Release|Any CPU
		{1667135F-C09B-410E-A6AB-FEF2FC6CCC63}.Release|Any CPU.Build.0 = Release|Any CPU
	EndGlobalSection
	GlobalSection(SolutionProperties) = preSolution
		HideSolutionNode = FALSE
	EndGlobalSection
	GlobalSection(ExtensibilityGlobals) = postSolution
		SolutionGuid = {830E7C08-B2D8-4205-B3B1-2FA38311468D}
	EndGlobalSection
EndGlobal
